
Microsoft Visual Studio Solution File, Format Version 12.00
# Visual Studio Version 16
VisualStudioVersion = 16.0.31205.134
MinimumVisualStudioVersion = 10.0.40219.1
Project("{FAE04EC0-301F-11D3-BF4B-00C04F79EFBC}") = "Juros", "Juros\Juros.csproj", "{82E4EA61-32C1-4728-B32C-73E781E6EF77}"
EndProject
Global
	GlobalSection(SolutionConfigurationPlatforms) = preSolution
		Debug|Any CPU = Debug|Any CPU
		Release|Any CPU = Release|Any CPU
	EndGlobalSection
	GlobalSection(ProjectConfigurationPlatforms) = postSolution
		{82E4EA61-32C1-4728-B32C-73E781E6EF77}.Debug|Any CPU.ActiveCfg = Debug|Any CPU
		{82E4EA61-32C1-4728-B32C-73E781E6EF77}.Debug|Any CPU.Build.0 = Debug|Any CPU
		{82E4EA61-32C1-4728-B32C-73E781E6EF77}.Release|Any CPU.ActiveCfg = Release|Any CPU
		{82E4EA61-32C1-4728-B32C-73E781E6EF77}.Release|Any CPU.Build.0 = Release|Any CPU
	EndGlobalSection
	GlobalSection(SolutionProperties) = preSolution
		HideSolutionNode = FALSE
	EndGlobalSection
	GlobalSection(ExtensibilityGlobals) = postSolution
		SolutionGuid = {C4DE5C95-B5F9-4B89-9C3B-B3F91A1B2D13}
	EndGlobalSection
EndGlobal
